Microsoft Visual Studio Solution File, Format Version 12.00
# Visual Studio 14
Project("{8BC9CEB8-8B4A-11D0-8D11-00A0C91BC942}") = "MegaMotion", "Tools\CMake\MegaMotion.vcxproj", "{CA4A12BD-4A0A-335F-9E85-61F57D7F2531}"
	ProjectSection(ProjectDependencies) = postProject
		{A64FC595-6882-35DF-A516-5AE61E59E1FC} = {A64FC595-6882-35DF-A516-5AE61E59E1FC}
		{1CE9AC6B-926F-3B1A-97CE-0B2C3B0177CA} = {1CE9AC6B-926F-3B1A-97CE-0B2C3B0177CA}
		{B940D0DD-B81C-3CCA-9E39-B25D5B837E44} = {B940D0DD-B81C-3CCA-9E39-B25D5B837E44}
		{3B0FC885-24EE-3D7E-A3D3-9DA01BA707F2} = {3B0FC885-24EE-3D7E-A3D3-9DA01BA707F2}
		{DC356894-9CF2-34D6-A9FC-B4D88C148A4C} = {DC356894-9CF2-34D6-A9FC-B4D88C148A4C}
		{744D9640-A65C-3977-BCE0-32D7E922903E} = {744D9640-A65C-3977-BCE0-32D7E922903E}
		{C5322FFA-89DA-33DB-9EE4-9CE9F55D2B51} = {C5322FFA-89DA-33DB-9EE4-9CE9F55D2B51}
		{DE22B704-E627-337B-A0DF-88752BD1F53C} = {DE22B704-E627-337B-A0DF-88752BD1F53C}
		{098A0327-9E69-3C0F-BEC4-233859BBFE2E} = {098A0327-9E69-3C0F-BEC4-233859BBFE2E}
		{FD915A78-A3DB-3D95-BEAF-F0FB197660DD} = {FD915A78-A3DB-3D95-BEAF-F0FB197660DD}
		{2035A8FD-5078-3F67-8D0C-F07C3450DC49} = {2035A8FD-5078-3F67-8D0C-F07C3450DC49}
		{33562F39-9290-3243-94C6-0F62A95B2473} = {33562F39-9290-3243-94C6-0F62A95B2473}
		{9327432B-6BB5-3F9F-A3D4-CF7D53FA9EFC} = {9327432B-6BB5-3F9F-A3D4-CF7D53FA9EFC}
		{EA505521-0DFC-38A1-A92E-4B1CDD7814C4} = {EA505521-0DFC-38A1-A92E-4B1CDD7814C4}
		{00EFEC85-DC63-355C-9B7A-69E18C2C5B36} = {00EFEC85-DC63-355C-9B7A-69E18C2C5B36}
		{A6314662-F80F-3F64-8418-ABF04A73A4FC} = {A6314662-F80F-3F64-8418-ABF04A73A4FC}
	EndProjectSection
EndProject
Project("{8BC9CEB8-8B4A-11D0-8D11-00A0C91BC942}") = "ALL_BUILD", "ALL_BUILD.vcxproj", "{9CDAFCC7-BC18-3E3C-8ADF-1C67C660725A}"
	ProjectSection(ProjectDependencies) = postProject
		{CA4A12BD-4A0A-335F-9E85-61F57D7F2531} = {CA4A12BD-4A0A-335F-9E85-61F57D7F2531}
		{D9EDCAD4-CEAA-3679-AEC4-4A3FFEE3CE84} = {D9EDCAD4-CEAA-3679-AEC4-4A3FFEE3CE84}
		{A64FC595-6882-35DF-A516-5AE61E59E1FC} = {A64FC595-6882-35DF-A516-5AE61E59E1FC}
		{1CE9AC6B-926F-3B1A-97CE-0B2C3B0177CA} = {1CE9AC6B-926F-3B1A-97CE-0B2C3B0177CA}
		{30C530FD-F266-3D7E-9587-32423E3EFC61} = {30C530FD-F266-3D7E-9587-32423E3EFC61}
		{B940D0DD-B81C-3CCA-9E39-B25D5B837E44} = {B940D0DD-B81C-3CCA-9E39-B25D5B837E44}
		{3B0FC885-24EE-3D7E-A3D3-9DA01BA707F2} = {3B0FC885-24EE-3D7E-A3D3-9DA01BA707F2}
		{DC356894-9CF2-34D6-A9FC-B4D88C148A4C} = {DC356894-9CF2-34D6-A9FC-B4D88C148A4C}
		{744D9640-A65C-3977-BCE0-32D7E922903E} = {744D9640-A65C-3977-BCE0-32D7E922903E}
		{C5322FFA-89DA-33DB-9EE4-9CE9F55D2B51} = {C5322FFA-89DA-33DB-9EE4-9CE9F55D2B51}
		{DE22B704-E627-337B-A0DF-88752BD1F53C} = {DE22B704-E627-337B-A0DF-88752BD1F53C}
		{098A0327-9E69-3C0F-BEC4-233859BBFE2E} = {098A0327-9E69-3C0F-BEC4-233859BBFE2E}
		{FD915A78-A3DB-3D95-BEAF-F0FB197660DD} = {FD915A78-A3DB-3D95-BEAF-F0FB197660DD}
		{2035A8FD-5078-3F67-8D0C-F07C3450DC49} = {2035A8FD-5078-3F67-8D0C-F07C3450DC49}
		{33562F39-9290-3243-94C6-0F62A95B2473} = {33562F39-9290-3243-94C6-0F62A95B2473}
		{9327432B-6BB5-3F9F-A3D4-CF7D53FA9EFC} = {9327432B-6BB5-3F9F-A3D4-CF7D53FA9EFC}
		{EA505521-0DFC-38A1-A92E-4B1CDD7814C4} = {EA505521-0DFC-38A1-A92E-4B1CDD7814C4}
		{00EFEC85-DC63-355C-9B7A-69E18C2C5B36} = {00EFEC85-DC63-355C-9B7A-69E18C2C5B36}
		{A6314662-F80F-3F64-8418-ABF04A73A4FC} = {A6314662-F80F-3F64-8418-ABF04A73A4FC}
	EndProjectSection
EndProject
Project("{8BC9CEB8-8B4A-11D0-8D11-00A0C91BC942}") = "INSTALL", "INSTALL.vcxproj", "{1B22F315-8AE0-3B59-A6A5-98F8EA899E27}"
	ProjectSection(ProjectDependencies) = postProject
		{9CDAFCC7-BC18-3E3C-8ADF-1C67C660725A} = {9CDAFCC7-BC18-3E3C-8ADF-1C67C660725A}
		{A64FC595-6882-35DF-A516-5AE61E59E1FC} = {A64FC595-6882-35DF-A516-5AE61E59E1FC}
	EndProjectSection
EndProject
Project("{8BC9CEB8-8B4A-11D0-8D11-00A0C91BC942}") = "OpenAL32", "Tools\CMake\openal-soft\OpenAL32.vcxproj", "{D9EDCAD4-CEAA-3679-AEC4-4A3FFEE3CE84}"
	ProjectSection(ProjectDependencies) = postProject
		{A64FC595-6882-35DF-A516-5AE61E59E1FC} = {A64FC595-6882-35DF-A516-5AE61E59E1FC}
		{30C530FD-F266-3D7E-9587-32423E3EFC61} = {30C530FD-F266-3D7E-9587-32423E3EFC61}
	EndProjectSection
EndProject
Project("{8BC9CEB8-8B4A-11D0-8D11-00A0C91BC942}") = "ZERO_CHECK", "ZERO_CHECK.vcxproj", "{A64FC595-6882-35DF-A516-5AE61E59E1FC}"
	ProjectSection(ProjectDependencies) = postProject
	EndProjectSection
EndProject
Project("{8BC9CEB8-8B4A-11D0-8D11-00A0C91BC942}") = "collada", "Tools\CMake\collada.vcxproj", "{1CE9AC6B-926F-3B1A-97CE-0B2C3B0177CA}"
	ProjectSection(ProjectDependencies) = postProject
		{A64FC595-6882-35DF-A516-5AE61E59E1FC} = {A64FC595-6882-35DF-A516-5AE61E59E1FC}
	EndProjectSection
EndProject
Project("{8BC9CEB8-8B4A-11D0-8D11-00A0C91BC942}") = "common", "Tools\CMake\openal-soft\common.vcxproj", "{30C530FD-F266-3D7E-9587-32423E3EFC61}"
	ProjectSection(ProjectDependencies) = postProject
		{A64FC595-6882-35DF-A516-5AE61E59E1FC} = {A64FC595-6882-35DF-A516-5AE61E59E1FC}
	EndProjectSection
EndProject
Project("{8BC9CEB8-8B4A-11D0-8D11-00A0C91BC942}") = "convexDecomp", "Tools\CMake\convexDecomp.vcxproj", "{B940D0DD-B81C-3CCA-9E39-B25D5B837E44}"
	ProjectSection(ProjectDependencies) = postProject
		{A64FC595-6882-35DF-A516-5AE61E59E1FC} = {A64FC595-6882-35DF-A516-5AE61E59E1FC}
	EndProjectSection
EndProject
Project("{8BC9CEB8-8B4A-11D0-8D11-00A0C91BC942}") = "libogg", "Tools\CMake\libogg.vcxproj", "{3B0FC885-24EE-3D7E-A3D3-9DA01BA707F2}"
	ProjectSection(ProjectDependencies) = postProject
		{A64FC595-6882-35DF-A516-5AE61E59E1FC} = {A64FC595-6882-35DF-A516-5AE61E59E1FC}
	EndProjectSection
EndProject
Project("{8BC9CEB8-8B4A-11D0-8D11-00A0C91BC942}") = "libtheora", "Tools\CMake\libtheora.vcxproj", "{DC356894-9CF2-34D6-A9FC-B4D88C148A4C}"
	ProjectSection(ProjectDependencies) = postProject
		{A64FC595-6882-35DF-A516-5AE61E59E1FC} = {A64FC595-6882-35DF-A516-5AE61E59E1FC}
	EndProjectSection
EndProject
Project("{8BC9CEB8-8B4A-11D0-8D11-00A0C91BC942}") = "libvorbis", "Tools\CMake\libvorbis.vcxproj", "{744D9640-A65C-3977-BCE0-32D7E922903E}"
	ProjectSection(ProjectDependencies) = postProject
		{A64FC595-6882-35DF-A516-5AE61E59E1FC} = {A64FC595-6882-35DF-A516-5AE61E59E1FC}
	EndProjectSection
EndProject
Project("{8BC9CEB8-8B4A-11D0-8D11-00A0C91BC942}") = "ljpeg", "Tools\CMake\ljpeg.vcxproj", "{C5322FFA-89DA-33DB-9EE4-9CE9F55D2B51}"
	ProjectSection(ProjectDependencies) = postProject
		{A64FC595-6882-35DF-A516-5AE61E59E1FC} = {A64FC595-6882-35DF-A516-5AE61E59E1FC}
	EndProjectSection
EndProject
Project("{8BC9CEB8-8B4A-11D0-8D11-00A0C91BC942}") = "lmng", "Tools\CMake\lmng.vcxproj", "{DE22B704-E627-337B-A0DF-88752BD1F53C}"
	ProjectSection(ProjectDependencies) = postProject
		{A64FC595-6882-35DF-A516-5AE61E59E1FC} = {A64FC595-6882-35DF-A516-5AE61E59E1FC}
	EndProjectSection
EndProject
Project("{8BC9CEB8-8B4A-11D0-8D11-00A0C91BC942}") = "lpng", "Tools\CMake\lpng.vcxproj", "{098A0327-9E69-3C0F-BEC4-233859BBFE2E}"
	ProjectSection(ProjectDependencies) = postProject
		{A64FC595-6882-35DF-A516-5AE61E59E1FC} = {A64FC595-6882-35DF-A516-5AE61E59E1FC}
	EndProjectSection
EndProject
Project("{8BC9CEB8-8B4A-11D0-8D11-00A0C91BC942}") = "lungif", "Tools\CMake\lungif.vcxproj", "{FD915A78-A3DB-3D95-BEAF-F0FB197660DD}"
	ProjectSection(ProjectDependencies) = postProject
		{A64FC595-6882-35DF-A516-5AE61E59E1FC} = {A64FC595-6882-35DF-A516-5AE61E59E1FC}
	EndProjectSection
EndProject
Project("{8BC9CEB8-8B4A-11D0-8D11-00A0C91BC942}") = "opcode", "Tools\CMake\opcode.vcxproj", "{2035A8FD-5078-3F67-8D0C-F07C3450DC49}"
	ProjectSection(ProjectDependencies) = postProject
		{A64FC595-6882-35DF-A516-5AE61E59E1FC} = {A64FC595-6882-35DF-A516-5AE61E59E1FC}
	EndProjectSection
EndProject
Project("{8BC9CEB8-8B4A-11D0-8D11-00A0C91BC942}") = "pcre", "Tools\CMake\pcre.vcxproj", "{33562F39-9290-3243-94C6-0F62A95B2473}"
	ProjectSection(ProjectDependencies) = postProject
		{A64FC595-6882-35DF-A516-5AE61E59E1FC} = {A64FC595-6882-35DF-A516-5AE61E59E1FC}
	EndProjectSection
EndProject
Project("{8BC9CEB8-8B4A-11D0-8D11-00A0C91BC942}") = "recast", "Tools\CMake\recast.vcxproj", "{9327432B-6BB5-3F9F-A3D4-CF7D53FA9EFC}"
	ProjectSection(ProjectDependencies) = postProject
		{A64FC595-6882-35DF-A516-5AE61E59E1FC} = {A64FC595-6882-35DF-A516-5AE61E59E1FC}
	EndProjectSection
EndProject
Project("{8BC9CEB8-8B4A-11D0-8D11-00A0C91BC942}") = "squish", "Tools\CMake\squish.vcxproj", "{EA505521-0DFC-38A1-A92E-4B1CDD7814C4}"
	ProjectSection(ProjectDependencies) = postProject
		{A64FC595-6882-35DF-A516-5AE61E59E1FC} = {A64FC595-6882-35DF-A516-5AE61E59E1FC}
	EndProjectSection
EndProject
Project("{8BC9CEB8-8B4A-11D0-8D11-00A0C91BC942}") = "tinyxml", "Tools\CMake\tinyxml.vcxproj", "{00EFEC85-DC63-355C-9B7A-69E18C2C5B36}"
	ProjectSection(ProjectDependencies) = postProject
		{A64FC595-6882-35DF-A516-5AE61E59E1FC} = {A64FC595-6882-35DF-A516-5AE61E59E1FC}
	EndProjectSection
EndProject
Project("{8BC9CEB8-8B4A-11D0-8D11-00A0C91BC942}") = "zlib", "Tools\CMake\zlib.vcxproj", "{A6314662-F80F-3F64-8418-ABF04A73A4FC}"
	ProjectSection(ProjectDependencies) = postProject
		{A64FC595-6882-35DF-A516-5AE61E59E1FC} = {A64FC595-6882-35DF-A516-5AE61E59E1FC}
	EndProjectSection
EndProject
Global
	GlobalSection(SolutionConfigurationPlatforms) = preSolution
		Debug|Win32 = Debug|Win32
		Release|Win32 = Release|Win32
		MinSizeRel|Win32 = MinSizeRel|Win32
		RelWithDebInfo|Win32 = RelWithDebInfo|Win32
	EndGlobalSection
	GlobalSection(ProjectConfigurationPlatforms) = postSolution
		{CA4A12BD-4A0A-335F-9E85-61F57D7F2531}.Debug|Win32.ActiveCfg = Debug|Win32
		{CA4A12BD-4A0A-335F-9E85-61F57D7F2531}.Debug|Win32.Build.0 = Debug|Win32
		{CA4A12BD-4A0A-335F-9E85-61F57D7F2531}.Release|Win32.ActiveCfg = Release|Win32
		{CA4A12BD-4A0A-335F-9E85-61F57D7F2531}.Release|Win32.Build.0 = Release|Win32
		{CA4A12BD-4A0A-335F-9E85-61F57D7F2531}.MinSizeRel|Win32.ActiveCfg = MinSizeRel|Win32
		{CA4A12BD-4A0A-335F-9E85-61F57D7F2531}.MinSizeRel|Win32.Build.0 = MinSizeRel|Win32
		{CA4A12BD-4A0A-335F-9E85-61F57D7F2531}.RelWithDebInfo|Win32.ActiveCfg = RelWithDebInfo|Win32
		{CA4A12BD-4A0A-335F-9E85-61F57D7F2531}.RelWithDebInfo|Win32.Build.0 = RelWithDebInfo|Win32
		{9CDAFCC7-BC18-3E3C-8ADF-1C67C660725A}.Debug|Win32.ActiveCfg = Debug|Win32
		{9CDAFCC7-BC18-3E3C-8ADF-1C67C660725A}.Debug|Win32.Build.0 = Debug|Win32
		{9CDAFCC7-BC18-3E3C-8ADF-1C67C660725A}.Release|Win32.ActiveCfg = Release|Win32
		{9CDAFCC7-BC18-3E3C-8ADF-1C67C660725A}.Release|Win32.Build.0 = Release|Win32
		{9CDAFCC7-BC18-3E3C-8ADF-1C67C660725A}.MinSizeRel|Win32.ActiveCfg = MinSizeRel|Win32
		{9CDAFCC7-BC18-3E3C-8ADF-1C67C660725A}.MinSizeRel|Win32.Build.0 = MinSizeRel|Win32
		{9CDAFCC7-BC18-3E3C-8ADF-1C67C660725A}.RelWithDebInfo|Win32.ActiveCfg = RelWithDebInfo|Win32
		{9CDAFCC7-BC18-3E3C-8ADF-1C67C660725A}.RelWithDebInfo|Win32.Build.0 = RelWithDebInfo|Win32
		{1B22F315-8AE0-3B59-A6A5-98F8EA899E27}.Debug|Win32.ActiveCfg = Debug|Win32
		{1B22F315-8AE0-3B59-A6A5-98F8EA899E27}.Release|Win32.ActiveCfg = Release|Win32
		{1B22F315-8AE0-3B59-A6A5-98F8EA899E27}.MinSizeRel|Win32.ActiveCfg = MinSizeRel|Win32
		{1B22F315-8AE0-3B59-A6A5-98F8EA899E27}.RelWithDebInfo|Win32.ActiveCfg = RelWithDebInfo|Win32
		{D9EDCAD4-CEAA-3679-AEC4-4A3FFEE3CE84}.Debug|Win32.ActiveCfg = Debug|Win32
		{D9EDCAD4-CEAA-3679-AEC4-4A3FFEE3CE84}.Debug|Win32.Build.0 = Debug|Win32
		{D9EDCAD4-CEAA-3679-AEC4-4A3FFEE3CE84}.Release|Win32.ActiveCfg = Release|Win32
		{D9EDCAD4-CEAA-3679-AEC4-4A3FFEE3CE84}.Release|Win32.Build.0 = Release|Win32
		{D9EDCAD4-CEAA-3679-AEC4-4A3FFEE3CE84}.MinSizeRel|Win32.ActiveCfg = MinSizeRel|Win32
		{D9EDCAD4-CEAA-3679-AEC4-4A3FFEE3CE84}.MinSizeRel|Win32.Build.0 = MinSizeRel|Win32
		{D9EDCAD4-CEAA-3679-AEC4-4A3FFEE3CE84}.RelWithDebInfo|Win32.ActiveCfg = RelWithDebInfo|Win32
		{D9EDCAD4-CEAA-3679-AEC4-4A3FFEE3CE84}.RelWithDebInfo|Win32.Build.0 = RelWithDebInfo|Win32
		{A64FC595-6882-35DF-A516-5AE61E59E1FC}.Debug|Win32.ActiveCfg = Debug|Win32
		{A64FC595-6882-35DF-A516-5AE61E59E1FC}.Debug|Win32.Build.0 = Debug|Win32
		{A64FC595-6882-35DF-A516-5AE61E59E1FC}.Release|Win32.ActiveCfg = Release|Win32
		{A64FC595-6882-35DF-A516-5AE61E59E1FC}.Release|Win32.Build.0 = Release|Win32
		{A64FC595-6882-35DF-A516-5AE61E59E1FC}.MinSizeRel|Win32.ActiveCfg = MinSizeRel|Win32
		{A64FC595-6882-35DF-A516-5AE61E59E1FC}.MinSizeRel|Win32.Build.0 = MinSizeRel|Win32
		{A64FC595-6882-35DF-A516-5AE61E59E1FC}.RelWithDebInfo|Win32.ActiveCfg = RelWithDebInfo|Win32
		{A64FC595-6882-35DF-A516-5AE61E59E1FC}.RelWithDebInfo|Win32.Build.0 = RelWithDebInfo|Win32
		{1CE9AC6B-926F-3B1A-97CE-0B2C3B0177CA}.Debug|Win32.ActiveCfg = Debug|Win32
		{1CE9AC6B-926F-3B1A-97CE-0B2C3B0177CA}.Debug|Win32.Build.0 = Debug|Win32
		{1CE9AC6B-926F-3B1A-97CE-0B2C3B0177CA}.Release|Win32.ActiveCfg = Release|Win32
		{1CE9AC6B-926F-3B1A-97CE-0B2C3B0177CA}.Release|Win32.Build.0 = Release|Win32
		{1CE9AC6B-926F-3B1A-97CE-0B2C3B0177CA}.MinSizeRel|Win32.ActiveCfg = MinSizeRel|Win32
		{1CE9AC6B-926F-3B1A-97CE-0B2C3B0177CA}.MinSizeRel|Win32.Build.0 = MinSizeRel|Win32
		{1CE9AC6B-926F-3B1A-97CE-0B2C3B0177CA}.RelWithDebInfo|Win32.ActiveCfg = RelWithDebInfo|Win32
		{1CE9AC6B-926F-3B1A-97CE-0B2C3B0177CA}.RelWithDebInfo|Win32.Build.0 = RelWithDebInfo|Win32
		{30C530FD-F266-3D7E-9587-32423E3EFC61}.Debug|Win32.ActiveCfg = Debug|Win32
		{30C530FD-F266-3D7E-9587-32423E3EFC61}.Debug|Win32.Build.0 = Debug|Win32
		{30C530FD-F266-3D7E-9587-32423E3EFC61}.Release|Win32.ActiveCfg = Release|Win32
		{30C530FD-F266-3D7E-9587-32423E3EFC61}.Release|Win32.Build.0 = Release|Win32
		{30C530FD-F266-3D7E-9587-32423E3EFC61}.MinSizeRel|Win32.ActiveCfg = MinSizeRel|Win32
		{30C530FD-F266-3D7E-9587-32423E3EFC61}.MinSizeRel|Win32.Build.0 = MinSizeRel|Win32
		{30C530FD-F266-3D7E-9587-32423E3EFC61}.RelWithDebInfo|Win32.ActiveCfg = RelWithDebInfo|Win32
		{30C530FD-F266-3D7E-9587-32423E3EFC61}.RelWithDebInfo|Win32.Build.0 = RelWithDebInfo|Win32
		{B940D0DD-B81C-3CCA-9E39-B25D5B837E44}.Debug|Win32.ActiveCfg = Debug|Win32
		{B940D0DD-B81C-3CCA-9E39-B25D5B837E44}.Debug|Win32.Build.0 = Debug|Win32
		{B940D0DD-B81C-3CCA-9E39-B25D5B837E44}.Release|Win32.ActiveCfg = Release|Win32
		{B940D0DD-B81C-3CCA-9E39-B25D5B837E44}.Release|Win32.Build.0 = Release|Win32
		{B940D0DD-B81C-3CCA-9E39-B25D5B837E44}.MinSizeRel|Win32.ActiveCfg = MinSizeRel|Win32
		{B940D0DD-B81C-3CCA-9E39-B25D5B837E44}.MinSizeRel|Win32.Build.0 = MinSizeRel|Win32
		{B940D0DD-B81C-3CCA-9E39-B25D5B837E44}.RelWithDebInfo|Win32.ActiveCfg = RelWithDebInfo|Win32
		{B940D0DD-B81C-3CCA-9E39-B25D5B837E44}.RelWithDebInfo|Win32.Build.0 = RelWithDebInfo|Win32
		{3B0FC885-24EE-3D7E-A3D3-9DA01BA707F2}.Debug|Win32.ActiveCfg = Debug|Win32
		{3B0FC885-24EE-3D7E-A3D3-9DA01BA707F2}.Debug|Win32.Build.0 = Debug|Win32
		{3B0FC885-24EE-3D7E-A3D3-9DA01BA707F2}.Release|Win32.ActiveCfg = Release|Win32
		{3B0FC885-24EE-3D7E-A3D3-9DA01BA707F2}.Release|Win32.Build.0 = Release|Win32
		{3B0FC885-24EE-3D7E-A3D3-9DA01BA707F2}.MinSizeRel|Win32.ActiveCfg = MinSizeRel|Win32
		{3B0FC885-24EE-3D7E-A3D3-9DA01BA707F2}.MinSizeRel|Win32.Build.0 = MinSizeRel|Win32
		{3B0FC885-24EE-3D7E-A3D3-9DA01BA707F2}.RelWithDebInfo|Win32.ActiveCfg = RelWithDebInfo|Win32
		{3B0FC885-24EE-3D7E-A3D3-9DA01BA707F2}.RelWithDebInfo|Win32.Build.0 = RelWithDebInfo|Win32
		{DC356894-9CF2-34D6-A9FC-B4D88C148A4C}.Debug|Win32.ActiveCfg = Debug|Win32
		{DC356894-9CF2-34D6-A9FC-B4D88C148A4C}.Debug|Win32.Build.0 = Debug|Win32
		{DC356894-9CF2-34D6-A9FC-B4D88C148A4C}.Release|Win32.ActiveCfg = Release|Win32
		{DC356894-9CF2-34D6-A9FC-B4D88C148A4C}.Release|Win32.Build.0 = Release|Win32
		{DC356894-9CF2-34D6-A9FC-B4D88C148A4C}.MinSizeRel|Win32.ActiveCfg = MinSizeRel|Win32
		{DC356894-9CF2-34D6-A9FC-B4D88C148A4C}.MinSizeRel|Win32.Build.0 = MinSizeRel|Win32
		{DC356894-9CF2-34D6-A9FC-B4D88C148A4C}.RelWithDebInfo|Win32.ActiveCfg = RelWithDebInfo|Win32
		{DC356894-9CF2-34D6-A9FC-B4D88C148A4C}.RelWithDebInfo|Win32.Build.0 = RelWithDebInfo|Win32
		{744D9640-A65C-3977-BCE0-32D7E922903E}.Debug|Win32.ActiveCfg = Debug|Win32
		{744D9640-A65C-3977-BCE0-32D7E922903E}.Debug|Win32.Build.0 = Debug|Win32
		{744D9640-A65C-3977-BCE0-32D7E922903E}.Release|Win32.ActiveCfg = Release|Win32
		{744D9640-A65C-3977-BCE0-32D7E922903E}.Release|Win32.Build.0 = Release|Win32
		{744D9640-A65C-3977-BCE0-32D7E922903E}.MinSizeRel|Win32.ActiveCfg = MinSizeRel|Win32
		{744D9640-A65C-3977-BCE0-32D7E922903E}.MinSizeRel|Win32.Build.0 = MinSizeRel|Win32
		{744D9640-A65C-3977-BCE0-32D7E922903E}.RelWithDebInfo|Win32.ActiveCfg = RelWithDebInfo|Win32
		{744D9640-A65C-3977-BCE0-32D7E922903E}.RelWithDebInfo|Win32.Build.0 = RelWithDebInfo|Win32
		{C5322FFA-89DA-33DB-9EE4-9CE9F55D2B51}.Debug|Win32.ActiveCfg = Debug|Win32
		{C5322FFA-89DA-33DB-9EE4-9CE9F55D2B51}.Debug|Win32.Build.0 = Debug|Win32
		{C5322FFA-89DA-33DB-9EE4-9CE9F55D2B51}.Release|Win32.ActiveCfg = Release|Win32
		{C5322FFA-89DA-33DB-9EE4-9CE9F55D2B51}.Release|Win32.Build.0 = Release|Win32
		{C5322FFA-89DA-33DB-9EE4-9CE9F55D2B51}.MinSizeRel|Win32.ActiveCfg = MinSizeRel|Win32
		{C5322FFA-89DA-33DB-9EE4-9CE9F55D2B51}.MinSizeRel|Win32.Build.0 = MinSizeRel|Win32
		{C5322FFA-89DA-33DB-9EE4-9CE9F55D2B51}.RelWithDebInfo|Win32.ActiveCfg = RelWithDebInfo|Win32
		{C5322FFA-89DA-33DB-9EE4-9CE9F55D2B51}.RelWithDebInfo|Win32.Build.0 = RelWithDebInfo|Win32
		{DE22B704-E627-337B-A0DF-88752BD1F53C}.Debug|Win32.ActiveCfg = Debug|Win32
		{DE22B704-E627-337B-A0DF-88752BD1F53C}.Debug|Win32.Build.0 = Debug|Win32
		{DE22B704-E627-337B-A0DF-88752BD1F53C}.Release|Win32.ActiveCfg = Release|Win32
		{DE22B704-E627-337B-A0DF-88752BD1F53C}.Release|Win32.Build.0 = Release|Win32
		{DE22B704-E627-337B-A0DF-88752BD1F53C}.MinSizeRel|Win32.ActiveCfg = MinSizeRel|Win32
		{DE22B704-E627-337B-A0DF-88752BD1F53C}.MinSizeRel|Win32.Build.0 = MinSizeRel|Win32
		{DE22B704-E627-337B-A0DF-88752BD1F53C}.RelWithDebInfo|Win32.ActiveCfg = RelWithDebInfo|Win32
		{DE22B704-E627-337B-A0DF-88752BD1F53C}.RelWithDebInfo|Win32.Build.0 = RelWithDebInfo|Win32
		{098A0327-9E69-3C0F-BEC4-233859BBFE2E}.Debug|Win32.ActiveCfg = Debug|Win32
		{098A0327-9E69-3C0F-BEC4-233859BBFE2E}.Debug|Win32.Build.0 = Debug|Win32
		{098A0327-9E69-3C0F-BEC4-233859BBFE2E}.Release|Win32.ActiveCfg = Release|Win32
		{098A0327-9E69-3C0F-BEC4-233859BBFE2E}.Release|Win32.Build.0 = Release|Win32
		{098A0327-9E69-3C0F-BEC4-233859BBFE2E}.MinSizeRel|Win32.ActiveCfg = MinSizeRel|Win32
		{098A0327-9E69-3C0F-BEC4-233859BBFE2E}.MinSizeRel|Win32.Build.0 = MinSizeRel|Win32
		{098A0327-9E69-3C0F-BEC4-233859BBFE2E}.RelWithDebInfo|Win32.ActiveCfg = RelWithDebInfo|Win32
		{098A0327-9E69-3C0F-BEC4-233859BBFE2E}.RelWithDebInfo|Win32.Build.0 = RelWithDebInfo|Win32
		{FD915A78-A3DB-3D95-BEAF-F0FB197660DD}.Debug|Win32.ActiveCfg = Debug|Win32
		{FD915A78-A3DB-3D95-BEAF-F0FB197660DD}.Debug|Win32.Build.0 = Debug|Win32
		{FD915A78-A3DB-3D95-BEAF-F0FB197660DD}.Release|Win32.ActiveCfg = Release|Win32
		{FD915A78-A3DB-3D95-BEAF-F0FB197660DD}.Release|Win32.Build.0 = Release|Win32
		{FD915A78-A3DB-3D95-BEAF-F0FB197660DD}.MinSizeRel|Win32.ActiveCfg = MinSizeRel|Win32
		{FD915A78-A3DB-3D95-BEAF-F0FB197660DD}.MinSizeRel|Win32.Build.0 = MinSizeRel|Win32
		{FD915A78-A3DB-3D95-BEAF-F0FB197660DD}.RelWithDebInfo|Win32.ActiveCfg = RelWithDebInfo|Win32
		{FD915A78-A3DB-3D95-BEAF-F0FB197660DD}.RelWithDebInfo|Win32.Build.0 = RelWithDebInfo|Win32
		{2035A8FD-5078-3F67-8D0C-F07C3450DC49}.Debug|Win32.ActiveCfg = Debug|Win32
		{2035A8FD-5078-3F67-8D0C-F07C3450DC49}.Debug|Win32.Build.0 = Debug|Win32
		{2035A8FD-5078-3F67-8D0C-F07C3450DC49}.Release|Win32.ActiveCfg = Release|Win32
		{2035A8FD-5078-3F67-8D0C-F07C3450DC49}.Release|Win32.Build.0 = Release|Win32
		{2035A8FD-5078-3F67-8D0C-F07C3450DC49}.MinSizeRel|Win32.ActiveCfg = MinSizeRel|Win32
		{2035A8FD-5078-3F67-8D0C-F07C3450DC49}.MinSizeRel|Win32.Build.0 = MinSizeRel|Win32
		{2035A8FD-5078-3F67-8D0C-F07C3450DC49}.RelWithDebInfo|Win32.ActiveCfg = RelWithDebInfo|Win32
		{2035A8FD-5078-3F67-8D0C-F07C3450DC49}.RelWithDebInfo|Win32.Build.0 = RelWithDebInfo|Win32
		{33562F39-9290-3243-94C6-0F62A95B2473}.Debug|Win32.ActiveCfg = Debug|Win32
		{33562F39-9290-3243-94C6-0F62A95B2473}.Debug|Win32.Build.0 = Debug|Win32
		{33562F39-9290-3243-94C6-0F62A95B2473}.Release|Win32.ActiveCfg = Release|Win32
		{33562F39-9290-3243-94C6-0F62A95B2473}.Release|Win32.Build.0 = Release|Win32
		{33562F39-9290-3243-94C6-0F62A95B2473}.MinSizeRel|Win32.ActiveCfg = MinSizeRel|Win32
		{33562F39-9290-3243-94C6-0F62A95B2473}.MinSizeRel|Win32.Build.0 = MinSizeRel|Win32
		{33562F39-9290-3243-94C6-0F62A95B2473}.RelWithDebInfo|Win32.ActiveCfg = RelWithDebInfo|Win32
		{33562F39-9290-3243-94C6-0F62A95B2473}.RelWithDebInfo|Win32.Build.0 = RelWithDebInfo|Win32
		{9327432B-6BB5-3F9F-A3D4-CF7D53FA9EFC}.Debug|Win32.ActiveCfg = Debug|Win32
		{9327432B-6BB5-3F9F-A3D4-CF7D53FA9EFC}.Debug|Win32.Build.0 = Debug|Win32
		{9327432B-6BB5-3F9F-A3D4-CF7D53FA9EFC}.Release|Win32.ActiveCfg = Release|Win32
		{9327432B-6BB5-3F9F-A3D4-CF7D53FA9EFC}.Release|Win32.Build.0 = Release|Win32
		{9327432B-6BB5-3F9F-A3D4-CF7D53FA9EFC}.MinSizeRel|Win32.ActiveCfg = MinSizeRel|Win32
		{9327432B-6BB5-3F9F-A3D4-CF7D53FA9EFC}.MinSizeRel|Win32.Build.0 = MinSizeRel|Win32
		{9327432B-6BB5-3F9F-A3D4-CF7D53FA9EFC}.RelWithDebInfo|Win32.ActiveCfg = RelWithDebInfo|Win32
		{9327432B-6BB5-3F9F-A3D4-CF7D53FA9EFC}.RelWithDebInfo|Win32.Build.0 = RelWithDebInfo|Win32
		{EA505521-0DFC-38A1-A92E-4B1CDD7814C4}.Debug|Win32.ActiveCfg = Debug|Win32
		{EA505521-0DFC-38A1-A92E-4B1CDD7814C4}.Debug|Win32.Build.0 = Debug|Win32
		{EA505521-0DFC-38A1-A92E-4B1CDD7814C4}.Release|Win32.ActiveCfg = Release|Win32
		{EA505521-0DFC-38A1-A92E-4B1CDD7814C4}.Release|Win32.Build.0 = Release|Win32
		{EA505521-0DFC-38A1-A92E-4B1CDD7814C4}.MinSizeRel|Win32.ActiveCfg = MinSizeRel|Win32
		{EA505521-0DFC-38A1-A92E-4B1CDD7814C4}.MinSizeRel|Win32.Build.0 = MinSizeRel|Win32
		{EA505521-0DFC-38A1-A92E-4B1CDD7814C4}.RelWithDebInfo|Win32.ActiveCfg = RelWithDebInfo|Win32
		{EA505521-0DFC-38A1-A92E-4B1CDD7814C4}.RelWithDebInfo|Win32.Build.0 = RelWithDebInfo|Win32
		{00EFEC85-DC63-355C-9B7A-69E18C2C5B36}.Debug|Win32.ActiveCfg = Debug|Win32
		{00EFEC85-DC63-355C-9B7A-69E18C2C5B36}.Debug|Win32.Build.0 = Debug|Win32
		{00EFEC85-DC63-355C-9B7A-69E18C2C5B36}.Release|Win32.ActiveCfg = Release|Win32
		{00EFEC85-DC63-355C-9B7A-69E18C2C5B36}.Release|Win32.Build.0 = Release|Win32
		{00EFEC85-DC63-355C-9B7A-69E18C2C5B36}.MinSizeRel|Win32.ActiveCfg = MinSizeRel|Win32
		{00EFEC85-DC63-355C-9B7A-69E18C2C5B36}.MinSizeRel|Win32.Build.0 = MinSizeRel|Win32
		{00EFEC85-DC63-355C-9B7A-69E18C2C5B36}.RelWithDebInfo|Win32.ActiveCfg = RelWithDebInfo|Win32
		{00EFEC85-DC63-355C-9B7A-69E18C2C5B36}.RelWithDebInfo|Win32.Build.0 = RelWithDebInfo|Win32
		{A6314662-F80F-3F64-8418-ABF04A73A4FC}.Debug|Win32.ActiveCfg = Debug|Win32
		{A6314662-F80F-3F64-8418-ABF04A73A4FC}.Debug|Win32.Build.0 = Debug|Win32
		{A6314662-F80F-3F64-8418-ABF04A73A4FC}.Release|Win32.ActiveCfg = Release|Win32
		{A6314662-F80F-3F64-8418-ABF04A73A4FC}.Release|Win32.Build.0 = Release|Win32
		{A6314662-F80F-3F64-8418-ABF04A73A4FC}.MinSizeRel|Win32.ActiveCfg = MinSizeRel|Win32
		{A6314662-F80F-3F64-8418-ABF04A73A4FC}.MinSizeRel|Win32.Build.0 = MinSizeRel|Win32
		{A6314662-F80F-3F64-8418-ABF04A73A4FC}.RelWithDebInfo|Win32.ActiveCfg = RelWithDebInfo|Win32
		{A6314662-F80F-3F64-8418-ABF04A73A4FC}.RelWithDebInfo|Win32.Build.0 = RelWithDebInfo|Win32
	EndGlobalSection
	GlobalSection(ExtensibilityGlobals) = postSolution
	EndGlobalSection
	GlobalSection(ExtensibilityAddIns) = postSolution
	EndGlobalSection
EndGlobal
