<?xml version="1.0" encoding="UTF-8"?>
<Project ToolsVersion="14.0" xmlns="http://schemas.microsoft.com/developer/msbuild/2003">
  <ItemGroup>
    <CustomBuild Include="F:\MegaMotion\Torque3D\My Projects\MegaMotion\buildFiles\CMake\CMakeFiles\e83a4734b1d7c0f1aaefaab191d06026\generate.stamp.rule">
      <Filter>CMake Rules</Filter>
    </CustomBuild>
  </ItemGroup>
  <ItemGroup>
    <Filter Include="CMake Rules">
      <UniqueIdentifier>{10A5B44E-A1E4-378C-A0A7-A288C926E10D}</UniqueIdentifier>
    </Filter>
  </ItemGroup>
</Project>
